// !$*UTF8*$!
{
	archiveVersion = 1;
	classes = {
	};
	objectVersion = 46;
	objects = {

/* Begin PBXBuildFile section */
		376F18A71EDF372700F70168 /* TableViewController.swift in Sources */ = {isa = PBXBuildFile; fileRef = 376F18A61EDF372700F70168 /* TableViewController.swift */; };
		37A345391EDF1FF30040259B /* AppDelegate.swift in Sources */ = {isa = PBXBuildFile; fileRef = 37A345381EDF1FF30040259B /* AppDelegate.swift */; };
		37A3453E1EDF1FF30040259B /* Main.storyboard in Resources */ = {isa = PBXBuildFile; fileRef = 37A3453C1EDF1FF30040259B /* Main.storyboard */; };
		37A345401EDF1FF30040259B /* Assets.xcassets in Resources */ = {isa = PBXBuildFile; fileRef = 37A3453F1EDF1FF30040259B /* Assets.xcassets */; };
		37A345431EDF1FF30040259B /* LaunchScreen.storyboard in Resources */ = {isa = PBXBuildFile; fileRef = 37A345411EDF1FF30040259B /* LaunchScreen.storyboard */; };
		37A3454B1EDF201A0040259B /* Team.swift in Sources */ = {isa = PBXBuildFile; fileRef = 37A3454A1EDF20190040259B /* Team.swift */; };
		37A3454D1EDF210A0040259B /* TeamData.swift in Sources */ = {isa = PBXBuildFile; fileRef = 37A3454C1EDF210A0040259B /* TeamData.swift */; };
/* End PBXBuildFile section */

/* Begin PBXFileReference section */
		376F18A61EDF372700F70168 /* TableViewController.swift */ = {isa = PBXFileReference; fileEncoding = 4; lastKnownFileType = sourcecode.swift; path = TableViewController.swift; sourceTree = "<group>"; };
		37A345351EDF1FF30040259B /* NBA Teams.app */ = {isa = PBXFileReference; explicitFileType = wrapper.application; includeInIndex = 0; path = "NBA Teams.app"; sourceTree = BUILT_PRODUCTS_DIR; };
		37A345381EDF1FF30040259B /* AppDelegate.swift */ = {isa = PBXFileReference; lastKnownFileType = sourcecode.swift; path = AppDelegate.swift; sourceTree = "<group>"; };
		37A3453D1EDF1FF30040259B /* Base */ = {isa = PBXFileReference; lastKnownFileType = file.storyboard; name = Base; path = Base.lproj/Main.storyboard; sourceTree = "<group>"; };
		37A3453F1EDF1FF30040259B /* Assets.xcassets */ = {isa = PBXFileReference; lastKnownFileType = folder.assetcatalog; path = Assets.xcassets; sourceTree = "<group>"; };
		37A345421EDF1FF30040259B /* Base */ = {isa = PBXFileReference; lastKnownFileType = file.storyboard; name = Base; path = Base.lproj/LaunchScreen.storyboard; sourceTree = "<group>"; };
		37A345441EDF1FF30040259B /* Info.plist */ = {isa = PBXFileReference; lastKnownFileType = text.plist.xml; path = Info.plist; sourceTree = "<group>"; };
		37A3454A1EDF20190040259B /* Team.swift */ = {isa = PBXFileReference; fileEncoding = 4; lastKnownFileType = sourcecode.swift; path = Team.swift; sourceTree = "<group>"; };
		37A3454C1EDF210A0040259B /* TeamData.swift */ = {isa = PBXFileReference; fileEncoding = 4; lastKnownFileType = sourcecode.swift; path = TeamData.swift; sourceTree = "<group>"; };
/* End PBXFileReference section */

/* Begin PBXFrameworksBuildPhase section */
		37A345321EDF1FF30040259B /* Frameworks */ = {
			isa = PBXFrameworksBuildPhase;
			buildActionMask = 2147483647;
			files = (
			);
			runOnlyForDeploymentPostprocessing = 0;
		};
/* End PBXFrameworksBuildPhase section */

/* Begin PBXGroup section */
		37A3452C1EDF1FF30040259B = {
			isa = PBXGroup;
			children = (
				37A345371EDF1FF30040259B /* NBA Teams */,
				37A345361EDF1FF30040259B /* Products */,
			);
			sourceTree = "<group>";
		};
		37A345361EDF1FF30040259B /* Products */ = {
			isa = PBXGroup;
			children = (
				37A345351EDF1FF30040259B /* NBA Teams.app */,
			);
			name = Products;
			sourceTree = "<group>";
		};
		37A345371EDF1FF30040259B /* NBA Teams */ = {
			isa = PBXGroup;
			children = (
				37A345381EDF1FF30040259B /* AppDelegate.swift */,
				376F18A61EDF372700F70168 /* TableViewController.swift */,
				37A3454C1EDF210A0040259B /* TeamData.swift */,
				37A3454A1EDF20190040259B /* Team.swift */,
				37A3453C1EDF1FF30040259B /* Main.storyboard */,
				37A3453F1EDF1FF30040259B /* Assets.xcassets */,
				37A345411EDF1FF30040259B /* LaunchScreen.storyboard */,
				37A345441EDF1FF30040259B /* Info.plist */,
			);
			path = "NBA Teams";
			sourceTree = "<group>";
		};
/* End PBXGroup section */

/* Begin PBXNativeTarget section */
		37A345341EDF1FF30040259B /* NBA Teams */ = {
			isa = PBXNativeTarget;
			buildConfigurationList = 37A345471EDF1FF30040259B /* Build configuration list for PBXNativeTarget "NBA Teams" */;
			buildPhases = (
				37A345311EDF1FF30040259B /* Sources */,
				37A345321EDF1FF30040259B /* Frameworks */,
				37A345331EDF1FF30040259B /* Resources */,
			);
			buildRules = (
			);
			dependencies = (
			);
			name = "NBA Teams";
			productName = "NBA Teams";
			productReference = 37A345351EDF1FF30040259B /* NBA Teams.app */;
			productType = "com.apple.product-type.application";
		};
/* End PBXNativeTarget section */

/* Begin PBXProject section */
		37A3452D1EDF1FF30040259B /* Project object */ = {
			isa = PBXProject;
			attributes = {
				LastSwiftUpdateCheck = 0830;
				LastUpgradeCheck = 0830;
				ORGANIZATIONNAME = iShinobi;
				TargetAttributes = {
					37A345341EDF1FF30040259B = {
						CreatedOnToolsVersion = 8.3.2;
						DevelopmentTeam = WZFHSP6QD4;
						ProvisioningStyle = Automatic;
					};
				};
			};
			buildConfigurationList = 37A345301EDF1FF30040259B /* Build configuration list for PBXProject "NBA Teams" */;
			compatibilityVersion = "Xcode 3.2";
			developmentRegion = English;
			hasScannedForEncodings = 0;
			knownRegions = (
				en,
				Base,
			);
			mainGroup = 37A3452C1EDF1FF30040259B;
			productRefGroup = 37A345361EDF1FF30040259B /* Products */;
			projectDirPath = "";
			projectRoot = "";
			targets = (
				37A345341EDF1FF30040259B /* NBA Teams */,
			);
		};
/* End PBXProject section */

/* Begin PBXResourcesBuildPhase section */
		37A345331EDF1FF30040259B /* Resources */ = {
			isa = PBXResourcesBuildPhase;
			buildActionMask = 2147483647;
			files = (
				37A345431EDF1FF30040259B /* LaunchScreen.storyboard in Resources */,
				37A345401EDF1FF30040259B /* Assets.xcassets in Resources */,
				37A3453E1EDF1FF30040259B /* Main.storyboard in Resources */,
			);
			runOnlyForDeploymentPostprocessing = 0;
		};
/* End PBXResourcesBuildPhase section */

/* Begin PBXSourcesBuildPhase section */
		37A345311EDF1FF30040259B /* Sources */ = {
			isa = PBXSourcesBuildPhase;
			buildActionMask = 2147483647;
			files = (
				37A3454B1EDF201A0040259B /* Team.swift in Sources */,
				37A3454D1EDF210A0040259B /* TeamData.swift in Sources */,
				376F18A71EDF372700F70168 /* TableViewController.swift in Sources */,
				37A345391EDF1FF30040259B /* AppDelegate.swift in Sources */,
			);
			runOnlyForDeploymentPostprocessing = 0;
		};
/* End PBXSourcesBuildPhase section */

/* Begin PBXVariantGroup section */
		37A3453C1EDF1FF30040259B /* Main.storyboard */ = {
			isa = PBXVariantGroup;
			children = (
				37A3453D1EDF1FF30040259B /* Base */,
			);
			name = Main.storyboard;
			sourceTree = "<group>";
		};
		37A345411EDF1FF30040259B /* LaunchScreen.storyboard */ = {
			isa = PBXVariantGroup;
			children = (
				37A345421EDF1FF30040259B /* Base */,
			);
			name = LaunchScreen.storyboard;
			sourceTree = "<group>";
		};
/* End PBXVariantGroup section */

/* Begin XCBuildConfiguration section */
		37A345451EDF1FF30040259B /* Debug */ = {
			isa = XCBuildConfiguration;
			buildSettings = {
				ALWAYS_SEARCH_USER_PATHS = NO;
				CLANG_ANALYZER_NONNULL = YES;
				CLANG_ANALYZER_NUMBER_OBJECT_CONVERSION = YES_AGGRESSIVE;
				CLANG_CXX_LANGUAGE_STANDARD = "gnu++0x";
				CLANG_CXX_LIBRARY = "libc++";
				CLANG_ENABLE_MODULES = YES;
				CLANG_ENABLE_OBJC_ARC = YES;
				CLANG_WARN_BOOL_CONVERSION = YES;
				CLANG_WARN_CONSTANT_CONVERSION = YES;
				CLANG_WARN_DIRECT_OBJC_ISA_USAGE = YES_ERROR;
				CLANG_WARN_DOCUMENTATION_COMMENTS = YES;
				CLANG_WARN_EMPTY_BODY = YES;
				CLANG_WARN_ENUM_CONVERSION = YES;
				CLANG_WARN_INFINITE_RECURSION = YES;
				CLANG_WARN_INT_CONVERSION = YES;
				CLANG_WARN_OBJC_ROOT_CLASS = YES_ERROR;
				CLANG_WARN_SUSPICIOUS_MOVE = YES;
				CLANG_WARN_UNREACHABLE_CODE = YES;
				CLANG_WARN__DUPLICATE_METHOD_MATCH = YES;
				"CODE_SIGN_IDENTITY[sdk=iphoneos*]" = "iPhone Developer";
				COPY_PHASE_STRIP = NO;
				DEBUG_INFORMATION_FORMAT = dwarf;
				ENABLE_STRICT_OBJC_MSGSEND = YES;
				ENABLE_TESTABILITY = YES;
				GCC_C_LANGUAGE_STANDARD = gnu99;
				GCC_DYNAMIC_NO_PIC = NO;
				GCC_NO_COMMON_BLOCKS = YES;
				GCC_OPTIMIZATION_LEVEL = 0;
				GCC_PREPROCESSOR_DEFINITIONS = (
					"DEBUG=1",
					"$(inherited)",
				);
				GCC_WARN_64_TO_32_BIT_CONVERSION = YES;
				GCC_WARN_ABOUT_RETURN_TYPE = YES_ERROR;
				GCC_WARN_UNDECLARED_SELECTOR = YES;
				GCC_WARN_UNINITIALIZED_AUTOS = YES_AGGRESSIVE;
				GCC_WARN_UNUSED_FUNCTION = YES;
				GCC_WARN_UNUSED_VARIABLE = YES;
				IPHONEOS_DEPLOYMENT_TARGET = 10.3;
				MTL_ENABLE_DEBUG_INFO = YES;
				ONLY_ACTIVE_ARCH = YES;
				SDKROOT = iphoneos;
				SWIFT_ACTIVE_COMPILATION_CONDITIONS = DEBUG;
				SWIFT_OPTIMIZATION_LEVEL = "-Onone";
				TARGETED_DEVICE_FAMILY = "1,2";
			};
			name = Debug;
		};
		37A345461EDF1FF30040259B /* Release */ = {
			isa = XCBuildConfiguration;
			buildSettings = {
				ALWAYS_SEARCH_USER_PATHS = NO;
				CLANG_ANALYZER_NONNULL = YES;
				CLANG_ANALYZER_NUMBER_OBJECT_CONVERSION = YES_AGGRESSIVE;
				CLANG_CXX_LANGUAGE_STANDARD = "gnu++0x";
				CLANG_CXX_LIBRARY = "libc++";
				CLANG_ENABLE_MODULES = YES;
				CLANG_ENABLE_OBJC_ARC = YES;
				CLANG_WARN_BOOL_CONVERSION = YES;
				CLANG_WARN_CONSTANT_CONVERSION = YES;
				CLANG_WARN_DIRECT_OBJC_ISA_USAGE = YES_ERROR;
				CLANG_WARN_DOCUMENTATION_COMMENTS = YES;
				CLANG_WARN_EMPTY_BODY = YES;
				CLANG_WARN_ENUM_CONVERSION = YES;
				CLANG_WARN_INFINITE_RECURSION = YES;
				CLANG_WARN_INT_CONVERSION = YES;
				CLANG_WARN_OBJC_ROOT_CLASS = YES_ERROR;
				CLANG_WARN_SUSPICIOUS_MOVE = YES;
				CLANG_WARN_UNREACHABLE_CODE = YES;
				CLANG_WARN__DUPLICATE_METHOD_MATCH = YES;
				"CODE_SIGN_IDENTITY[sdk=iphoneos*]" = "iPhone Developer";
				COPY_PHASE_STRIP = NO;
				DEBUG_INFORMATION_FORMAT = "dwarf-with-dsym";
				ENABLE_NS_ASSERTIONS = NO;
				ENABLE_STRICT_OBJC_MSGSEND = YES;
				GCC_C_LANGUAGE_STANDARD = gnu99;
				GCC_NO_COMMON_BLOCKS = YES;
				GCC_WARN_64_TO_32_BIT_CONVERSION = YES;
				GCC_WARN_ABOUT_RETURN_TYPE = YES_ERROR;
				GCC_WARN_UNDECLARED_SELECTOR = YES;
				GCC_WARN_UNINITIALIZED_AUTOS = YES_AGGRESSIVE;
				GCC_WARN_UNUSED_FUNCTION = YES;
				GCC_WARN_UNUSED_VARIABLE = YES;
				IPHONEOS_DEPLOYMENT_TARGET = 10.3;
				MTL_ENABLE_DEBUG_INFO = NO;
				SDKROOT = iphoneos;
				SWIFT_OPTIMIZATION_LEVEL = "-Owholemodule";
				TARGETED_DEVICE_FAMILY = "1,2";
				VALIDATE_PRODUCT = YES;
			};
			name = Release;
		};
		37A345481EDF1FF30040259B /* Debug */ = {
			isa = XCBuildConfiguration;
			buildSettings = {
				ASSETCATALOG_COMPILER_APPICON_NAME = AppIcon;
				DEVELOPMENT_TEAM = WZFHSP6QD4;
				INFOPLIST_FILE = "NBA Teams/Info.plist";
				LD_RUNPATH_SEARCH_PATHS = "$(inherited) @executable_path/Frameworks";
				PRODUCT_BUNDLE_IDENTIFIER = "ninja.pragprog.careerfoundry.NBA-Teams";
				PRODUCT_NAME = "$(TARGET_NAME)";
				SWIFT_VERSION = 3.0;
			};
			name = Debug;
		};
		37A345491EDF1FF30040259B /* Release */ = {
			isa = XCBuildConfiguration;
			buildSettings = {
				ASSETCATALOG_COMPILER_APPICON_NAME = AppIcon;
				DEVELOPMENT_TEAM = WZFHSP6QD4;
				INFOPLIST_FILE = "NBA Teams/Info.plist";
				LD_RUNPATH_SEARCH_PATHS = "$(inherited) @executable_path/Frameworks";
				PRODUCT_BUNDLE_IDENTIFIER = "ninja.pragprog.careerfoundry.NBA-Teams";
				PRODUCT_NAME = "$(TARGET_NAME)";
				SWIFT_VERSION = 3.0;
			};
			name = Release;
		};
/* End XCBuildConfiguration section */

/* Begin XCConfigurationList section */
		37A345301EDF1FF30040259B /* Build configuration list for PBXProject "NBA Teams" */ = {
			isa = XCConfigurationList;
			buildConfigurations = (
				37A345451EDF1FF30040259B /* Debug */,
				37A345461EDF1FF30040259B /* Release */,
			);
			defaultConfigurationIsVisible = 0;
			defaultConfigurationName = Release;
		};
		37A345471EDF1FF30040259B /* Build configuration list for PBXNativeTarget "NBA Teams" */ = {
			isa = XCConfigurationList;
			buildConfigurations = (
				37A345481EDF1FF30040259B /* Debug */,
				37A345491EDF1FF30040259B /* Release */,
			);
			defaultConfigurationIsVisible = 0;
			defaultConfigurationName = Release;
		};
/* End XCConfigurationList section */
	};
	rootObject = 37A3452D1EDF1FF30040259B /* Project object */;
}
